{
  "name": "brigade",
  "version": "1.0.0",
  "lockfileVersion": 1,
  "requires": true,
  "dependencies": {
    "nodemailer": {
      "version": "4.6.3",
      "resolved": "https://registry.npmjs.org/nodemailer/-/nodemailer-4.6.3.tgz",
      "integrity": "sha512-1AmOpDZJtyPAO+gfUBfT+MWHbYwQ+DZvb1gvYaTxBZV/lUeysZIt4kDq8Dlwt6ViUZGp3cMGR+D1MNQYyYiVUg=="
    },
    "xoauth2": {
      "version": "1.2.0",
      "resolved": "https://registry.npmjs.org/xoauth2/-/xoauth2-1.2.0.tgz",
      "integrity": "sha1-8u76wRRyyXHqO8RuVU60sSMhRuU="
    }
  }
}
